<Solution>
  <Folder Name="/src/">
    <Project Path="src/MangaShelf.Api/MangaShelf.Api.csproj" />
    <Project Path="src/MangaShelf.Application/MangaShelf.Application.csproj" />
    <Project Path="src/MangaShelf.Domain/MangaShelf.Domain.csproj" />
    <Project Path="src/MangaShelf.Infrastructure/MangaShelf.Infrastructure.csproj" />
  </Folder>
</Solution>
